
Microsoft Visual Studio Solution File, Format Version 12.00
# Visual Studio Version 17
VisualStudioVersion = 17.10.34928.147
MinimumVisualStudioVersion = 10.0.40219.1
Project("{FAE04EC0-301F-11D3-BF4B-00C04F79EFBC}") = "MaFileRenamer", "MaFileRenamer\MaFileRenamer.csproj", "{9CBF4629-E7D1-4747-BFFD-B01E84FCFEB7}"
EndProject
Global
	GlobalSection(SolutionConfigurationPlatforms) = preSolution
		Debug|Any CPU = Debug|Any CPU
		Release|Any CPU = Release|Any CPU
	EndGlobalSection
	GlobalSection(ProjectConfigurationPlatforms) = postSolution
		{9CBF4629-E7D1-4747-BFFD-B01E84FCFEB7}.Debug|Any CPU.ActiveCfg = Debug|Any CPU
		{9CBF4629-E7D1-4747-BFFD-B01E84FCFEB7}.Debug|Any CPU.Build.0 = Debug|Any CPU
		{9CBF4629-E7D1-4747-BFFD-B01E84FCFEB7}.Release|Any CPU.ActiveCfg = Release|Any CPU
		{9CBF4629-E7D1-4747-BFFD-B01E84FCFEB7}.Release|Any CPU.Build.0 = Release|Any CPU
	EndGlobalSection
	GlobalSection(SolutionProperties) = preSolution
		HideSolutionNode = FALSE
	EndGlobalSection
	GlobalSection(ExtensibilityGlobals) = postSolution
		SolutionGuid = {4DAD47A6-204B-4586-BB7E-CBE6C41B8526}
	EndGlobalSection
EndGlobal
